
Microsoft Visual Studio Solution File, Format Version 12.00
# Visual Studio Version 17
VisualStudioVersion = 17.7.34031.279
MinimumVisualStudioVersion = 10.0.40219.1
Project("{FAE04EC0-301F-11D3-BF4B-00C04F79EFBC}") = "WebBanDienThoai", "WebBanDienThoai\WebBanDienThoai.csproj", "{7E87B80E-16F0-40C9-8E73-3B7C61C248E7}"
EndProject
Global
	GlobalSection(SolutionConfigurationPlatforms) = preSolution
		Debug|Any CPU = Debug|Any CPU
		Release|Any CPU = Release|Any CPU
	EndGlobalSection
	GlobalSection(ProjectConfigurationPlatforms) = postSolution
		{7E87B80E-16F0-40C9-8E73-3B7C61C248E7}.Debug|Any CPU.ActiveCfg = Debug|Any CPU
		{7E87B80E-16F0-40C9-8E73-3B7C61C248E7}.Debug|Any CPU.Build.0 = Debug|Any CPU
		{7E87B80E-16F0-40C9-8E73-3B7C61C248E7}.Release|Any CPU.ActiveCfg = Release|Any CPU
		{7E87B80E-16F0-40C9-8E73-3B7C61C248E7}.Release|Any CPU.Build.0 = Release|Any CPU
	EndGlobalSection
	GlobalSection(SolutionProperties) = preSolution
		HideSolutionNode = FALSE
	EndGlobalSection
	GlobalSection(ExtensibilityGlobals) = postSolution
		SolutionGuid = {03D9E73D-6A96-46F8-B232-50B6D964FAE5}
	EndGlobalSection
EndGlobal
